
Microsoft Visual Studio Solution File, Format Version 12.00
# Visual Studio Version 16
VisualStudioVersion = 16.0.30413.136
MinimumVisualStudioVersion = 10.0.40219.1
Project("{9A19103F-16F7-4668-BE54-9A1E7A4F7556}") = "MakeFriendSolution", "MakeFriendSolution\MakeFriendSolution.csproj", "{BA506104-1E0D-49EC-9F18-1E6E3AB5BE99}"
EndProject
Global
	GlobalSection(SolutionConfigurationPlatforms) = preSolution
		Debug|Any CPU = Debug|Any CPU
		Release|Any CPU = Release|Any CPU
	EndGlobalSection
	GlobalSection(ProjectConfigurationPlatforms) = postSolution
		{BA506104-1E0D-49EC-9F18-1E6E3AB5BE99}.Debug|Any CPU.ActiveCfg = Debug|Any CPU
		{BA506104-1E0D-49EC-9F18-1E6E3AB5BE99}.Debug|Any CPU.Build.0 = Debug|Any CPU
		{BA506104-1E0D-49EC-9F18-1E6E3AB5BE99}.Release|Any CPU.ActiveCfg = Release|Any CPU
		{BA506104-1E0D-49EC-9F18-1E6E3AB5BE99}.Release|Any CPU.Build.0 = Release|Any CPU
	EndGlobalSection
	GlobalSection(SolutionProperties) = preSolution
		HideSolutionNode = FALSE
	EndGlobalSection
	GlobalSection(ExtensibilityGlobals) = postSolution
		SolutionGuid = {7C550ECA-41A0-4D02-925A-A3D7540FE742}
	EndGlobalSection
EndGlobal
